lockfileVersion: 5.3

importers:

  .:
    specifiers:
      '@changesets/cli': ^2.20.0
    devDependencies:
      '@changesets/cli': 2.20.0

packages:

  /@babel/code-frame/7.16.7:
    resolution: {integrity: sha512-iAXqUn8IIeBTNd72xsFlgaXHkMBMt6y4HJp1tIaK465CWLT/fG1aqB7ykr95gHHmlBdGbFeWWfyB4NJJ0nmeIg==, tarball: '@babel/code-frame/download/@babel/code-frame-7.16.7.tgz'}
    engines: {node: '>=6.9.0'}
    dependencies:
      '@babel/highlight': 7.16.10
    dev: true

  /@babel/helper-validator-identifier/7.16.7:
    resolution: {integrity: sha512-hsEnFemeiW4D08A5gUAZxLBTXpZ39P+a+DGDsHw1yxqyQ/jzFEnxf5uTEGp+3bzAbNOxU1paTgYS4ECU/IgfDw==, tarball: '@babel/helper-validator-identifier/download/@babel/helper-validator-identifier-7.16.7.tgz'}
    engines: {node: '>=6.9.0'}
    dev: true

  /@babel/highlight/7.16.10:
    resolution: {integrity: sha512-5FnTQLSLswEj6IkgVw5KusNUUFY9ZGqe/TRFnP/BKYHYgfh7tc+C7mwiy95/yNP7Dh9x580Vv8r7u7ZfTBFxdw==, tarball: '@babel/highlight/download/@babel/highlight-7.16.10.tgz'}
    engines: {node: '>=6.9.0'}
    dependencies:
      '@babel/helper-validator-identifier': 7.16.7
      chalk: 2.4.2
      js-tokens: 4.0.0
    dev: true

  /@babel/runtime/7.16.7:
    resolution: {integrity: sha512-9E9FJowqAsytyOY6LG+1KuueckRL+aQW+mKvXRXnuFGyRAyepJPmEo9vgMfXUA6O9u3IeEdv9MAkppFcaQwogQ==, tarball: '@babel/runtime/download/@babel/runtime-7.16.7.tgz'}
    engines: {node: '>=6.9.0'}
    dependencies:
      regenerator-runtime: 0.13.9
    dev: true

  /@changesets/apply-release-plan/5.0.4:
    resolution: {integrity: sha512-czayDIrgC8qBnqwClvh9nxjCMem+XZG7xtfdYwq3dxpzA30qGppcI0i088VYug5RCFR+l1N+HUvkujSZuBK65w==, tarball: '@changesets/apply-release-plan/download/@changesets/apply-release-plan-5.0.4.tgz'}
    dependencies:
      '@babel/runtime': 7.16.7
      '@changesets/config': 1.6.4
      '@changesets/get-version-range-type': 0.3.2
      '@changesets/git': 1.3.0
      '@changesets/types': 4.0.2
      '@manypkg/get-packages': 1.1.3
      detect-indent: 6.1.0
      fs-extra: 7.0.1
      lodash.startcase: 4.4.0
      outdent: 0.5.0
      prettier: 1.19.1
      resolve-from: 5.0.0
      semver: 5.7.1
    dev: true

  /@changesets/assemble-release-plan/5.0.5:
    resolution: {integrity: sha512-ejCVSM4I1jgaNi30we3/qltj2NQtS68w7C3H8Gvb6ZOvbIpAW/Tr0uMmPgRj4Vzkez5+fx0If02AvOdssz1btA==, tarball: '@changesets/assemble-release-plan/download/@changesets/assemble-release-plan-5.0.5.tgz'}
    dependencies:
      '@babel/runtime': 7.16.7
      '@changesets/errors': 0.1.4
      '@changesets/get-dependents-graph': 1.3.0
      '@changesets/types': 4.0.2
      '@manypkg/get-packages': 1.1.3
      semver: 5.7.1
    dev: true

  /@changesets/cli/2.20.0:
    resolution: {integrity: sha512-IUYSgZKtS+wXPD5hxfnCfZ1JWCbBI0CRrhxpkgVKcXDwpxiRU8stCwuSuVj14kiYlThuH2zL0/ZuGvhF4r28Gg==, tarball: '@changesets/cli/download/@changesets/cli-2.20.0.tgz'}
    hasBin: true
    dependencies:
      '@babel/runtime': 7.16.7
      '@changesets/apply-release-plan': 5.0.4
      '@changesets/assemble-release-plan': 5.0.5
      '@changesets/config': 1.6.4
      '@changesets/errors': 0.1.4
      '@changesets/get-dependents-graph': 1.3.0
      '@changesets/get-release-plan': 3.0.5
      '@changesets/git': 1.3.0
      '@changesets/logger': 0.0.5
      '@changesets/pre': 1.0.9
      '@changesets/read': 0.5.3
      '@changesets/types': 4.0.2
      '@changesets/write': 0.1.6
      '@manypkg/get-packages': 1.1.3
      '@types/is-ci': 3.0.0
      '@types/semver': 6.2.3
      chalk: 2.4.2
      enquirer: 2.3.6
      external-editor: 3.1.0
      fs-extra: 7.0.1
      human-id: 1.0.2
      is-ci: 3.0.1
      meow: 6.1.1
      outdent: 0.5.0
      p-limit: 2.3.0
      preferred-pm: 3.0.3
      semver: 5.7.1
      spawndamnit: 2.0.0
      term-size: 2.2.1
      tty-table: 2.8.13
    dev: true

  /@changesets/config/1.6.4:
    resolution: {integrity: sha512-WWa8eR8GzS/p2atLc/+5UEDn7fsRCZ+/sShLkB/3efVbTkSTB1PwoKwQRXLYXM1DY289T7UnJT4HLZA3Gcreww==, tarball: '@changesets/config/download/@changesets/config-1.6.4.tgz'}
    dependencies:
      '@changesets/errors': 0.1.4
      '@changesets/get-dependents-graph': 1.3.0
      '@changesets/logger': 0.0.5
      '@changesets/types': 4.0.2
      '@manypkg/get-packages': 1.1.3
      fs-extra: 7.0.1
      micromatch: 4.0.4
    dev: true

  /@changesets/errors/0.1.4:
    resolution: {integrity: sha1-95hRdGxDZ5pms4P9/0wBL0gPSA0=, tarball: '@changesets/errors/download/@changesets/errors-0.1.4.tgz'}
    dependencies:
      extendable-error: 0.1.7
    dev: true

  /@changesets/get-dependents-graph/1.3.0:
    resolution: {integrity: sha512-4VHQWEluWySPgDdkL94YNxrEjDb9nwNFw515sWDmVrlfpQN5qaP1hdaotrp4mJm4ky85t4cTlrWSP+CTY7IDbw==, tarball: '@changesets/get-dependents-graph/download/@changesets/get-dependents-graph-1.3.0.tgz'}
    dependencies:
      '@changesets/types': 4.0.2
      '@manypkg/get-packages': 1.1.3
      chalk: 2.4.2
      fs-extra: 7.0.1
      semver: 5.7.1
    dev: true

  /@changesets/get-release-plan/3.0.5:
    resolution: {integrity: sha512-67td3LA1RTJpY5Q+wJaTTRtAjZ2suAhDfj3VRjFv0gCgUPXs8rNx17n9UPbegPTQjeTS1r7hVRVifycmT0fQtA==, tarball: '@changesets/get-release-plan/download/@changesets/get-release-plan-3.0.5.tgz'}
    dependencies:
      '@babel/runtime': 7.16.7
      '@changesets/assemble-release-plan': 5.0.5
      '@changesets/config': 1.6.4
      '@changesets/pre': 1.0.9
      '@changesets/read': 0.5.3
      '@changesets/types': 4.0.2
      '@manypkg/get-packages': 1.1.3
    dev: true

  /@changesets/get-version-range-type/0.3.2:
    resolution: {integrity: sha1-gTGpkDXt0RqnpEw0HLsF5mhhjGc=, tarball: '@changesets/get-version-range-type/download/@changesets/get-version-range-type-0.3.2.tgz'}
    dev: true

  /@changesets/git/1.3.0:
    resolution: {integrity: sha512-Ydj4lWX33d2PCDaTXOMSbyTjgk1go1V6EyXjKTmOV7nB/qvgKdDZLSt+AexKWKp3Ac2FTrtVnl9G5gMNVYNmuQ==, tarball: '@changesets/git/download/@changesets/git-1.3.0.tgz'}
    dependencies:
      '@babel/runtime': 7.16.7
      '@changesets/errors': 0.1.4
      '@changesets/types': 4.0.2
      '@manypkg/get-packages': 1.1.3
      is-subdir: 1.2.0
      spawndamnit: 2.0.0
    dev: true

  /@changesets/logger/0.0.5:
    resolution: {integrity: sha1-aDBd1aZD4za+FqI2nLF83Y7TfUw=, tarball: '@changesets/logger/download/@changesets/logger-0.0.5.tgz'}
    dependencies:
      chalk: 2.4.2
    dev: true

  /@changesets/parse/0.3.11:
    resolution: {integrity: sha512-w5/X8KijcCrvv5lHimXIBR9o35c78niiBoesBjBUlWeifwPz0DHc/lzVYJKRkA5w0BGqft6T/9hKI68GaYj5wA==, tarball: '@changesets/parse/download/@changesets/parse-0.3.11.tgz'}
    dependencies:
      '@changesets/types': 4.0.2
      js-yaml: 3.14.1
    dev: true

  /@changesets/pre/1.0.9:
    resolution: {integrity: sha512-F3+qMun89KlynecBD15fEpwGT/KxbYb3WGeut6w1xhZb0u7V/jdcPy9b+kJ2xmBqFZLn1WteWIP96IjxS57H7A==, tarball: '@changesets/pre/download/@changesets/pre-1.0.9.tgz'}
    dependencies:
      '@babel/runtime': 7.16.7
      '@changesets/errors': 0.1.4
      '@changesets/types': 4.0.2
      '@manypkg/get-packages': 1.1.3
      fs-extra: 7.0.1
    dev: true

  /@changesets/read/0.5.3:
    resolution: {integrity: sha512-zoj5NjNR4AhiGXz6aHTxsBLojChHgDOSbz6VfAVxMKX7tF7UhyNYptG2VEbSjxeamNKABx6k1pkM2IyVVlOcbQ==, tarball: '@changesets/read/download/@changesets/read-0.5.3.tgz'}
    dependencies:
      '@babel/runtime': 7.16.7
      '@changesets/git': 1.3.0
      '@changesets/logger': 0.0.5
      '@changesets/parse': 0.3.11
      '@changesets/types': 4.0.2
      chalk: 2.4.2
      fs-extra: 7.0.1
      p-filter: 2.1.0
    dev: true

  /@changesets/types/4.0.2:
    resolution: {integrity: sha512-OeDaB7D+WVy/ErymPzFm58IeGvz4DOl+oedyZETfnkfMezF/Uhrm1Ub6MHrO5LcAaQTW+ptDmr0fmaVyoTxgHw==, tarball: '@changesets/types/download/@changesets/types-4.0.2.tgz'}
    dev: true

  /@changesets/write/0.1.6:
    resolution: {integrity: sha512-JWE2gJs9eHhorxqembkf43fllKlCz+sp1TJKSheaWfhWILMHPdfa/xQG4+sMZkISo1qZ+IlJyiBLha6iGGjXyA==, tarball: '@changesets/write/download/@changesets/write-0.1.6.tgz'}
    dependencies:
      '@babel/runtime': 7.16.7
      '@changesets/types': 4.0.2
      fs-extra: 7.0.1
      human-id: 1.0.2
      prettier: 1.19.1
    dev: true

  /@manypkg/find-root/1.1.0:
    resolution: {integrity: sha1-pi2O0c1+fUwR2dUqg5dGC11K0p8=, tarball: '@manypkg/find-root/download/@manypkg/find-root-1.1.0.tgz'}
    dependencies:
      '@babel/runtime': 7.16.7
      '@types/node': 12.20.42
      find-up: 4.1.0
      fs-extra: 8.1.0
    dev: true

  /@manypkg/get-packages/1.1.3:
    resolution: {integrity: sha512-fo+QhuU3qE/2TQMQmbVMqaQ6EWbMhi4ABWP+O4AM1NqPBuy0OrApV5LO6BrrgnhtAHS2NH6RrVk9OL181tTi8A==, tarball: '@manypkg/get-packages/download/@manypkg/get-packages-1.1.3.tgz'}
    dependencies:
      '@babel/runtime': 7.16.7
      '@changesets/types': 4.0.2
      '@manypkg/find-root': 1.1.0
      fs-extra: 8.1.0
      globby: 11.1.0
      read-yaml-file: 1.1.0
    dev: true

  /@nodelib/fs.scandir/2.1.5:
    resolution: {integrity: sha1-dhnC6yGyVIP20WdUi0z9WnSIw9U=, tarball: '@nodelib/fs.scandir/download/@nodelib/fs.scandir-2.1.5.tgz'}
    engines: {node: '>= 8'}
    dependencies:
      '@nodelib/fs.stat': 2.0.5
      run-parallel: 1.2.0
    dev: true

  /@nodelib/fs.stat/2.0.5:
    resolution: {integrity: sha1-W9Jir5Tp0lvR5xsF3u1Eh2oiLos=, tarball: '@nodelib/fs.stat/download/@nodelib/fs.stat-2.0.5.tgz'}
    engines: {node: '>= 8'}
    dev: true

  /@nodelib/fs.walk/1.2.8:
    resolution: {integrity: sha1-6Vc36LtnRt3t9pxVaVNJTxlv5po=, tarball: '@nodelib/fs.walk/download/@nodelib/fs.walk-1.2.8.tgz?cache=0&sync_timestamp=1632822730231&other_urls=https%3A%2F%2Fregistry.npmmirror.com%2F%40nodelib%2Ffs.walk%2Fdownload%2F%40nodelib%2Ffs.walk-1.2.8.tgz'}
    engines: {node: '>= 8'}
    dependencies:
      '@nodelib/fs.scandir': 2.1.5
      fastq: 1.13.0
    dev: true

  /@types/is-ci/3.0.0:
    resolution: {integrity: sha1-fokQr2hXYBMVWSQ28DCqo+2Xg8M=, tarball: '@types/is-ci/download/@types/is-ci-3.0.0.tgz'}
    dependencies:
      ci-info: 3.3.0
    dev: true

  /@types/minimist/1.2.2:
    resolution: {integrity: sha1-7nceK6Sz3Fs3KTXVSf2WF780W4w=, tarball: '@types/minimist/download/@types/minimist-1.2.2.tgz'}
    dev: true

  /@types/node/12.20.42:
    resolution: {integrity: sha512-aI3/oo5DzyiI5R/xAhxxRzfZlWlsbbqdgxfTPkqu/Zt+23GXiJvMCyPJT4+xKSXOnLqoL8jJYMLTwvK2M3a5hw==, tarball: '@types/node/download/@types/node-12.20.42.tgz'}
    dev: true

  /@types/normalize-package-data/2.4.1:
    resolution: {integrity: sha1-0zV0eaD9/dWQf+Z+F+CoXJBuEwE=, tarball: '@types/normalize-package-data/download/@types/normalize-package-data-2.4.1.tgz'}
    dev: true

  /@types/semver/6.2.3:
    resolution: {integrity: sha1-V5js8b7JTqpk2znuUoCOwGkzFao=, tarball: '@types/semver/download/@types/semver-6.2.3.tgz'}
    dev: true

  /ansi-colors/4.1.1:
    resolution: {integrity: sha1-y7muJWv3UK8eqzRPIpqif+lLo0g=, tarball: ansi-colors/download/ansi-colors-4.1.1.tgz?cache=0&sync_timestamp=1632822734303&other_urls=https%3A%2F%2Fregistry.npmmirror.com%2Fansi-colors%2Fdownload%2Fansi-colors-4.1.1.tgz}
    engines: {node: '>=6'}
    dev: true

  /ansi-regex/5.0.1:
    resolution: {integrity: sha1-CCyyyJyf6GWaMRpTvWpNxTAdswQ=, tarball: ansi-regex/download/ansi-regex-5.0.1.tgz}
    engines: {node: '>=8'}
    dev: true

  /ansi-styles/3.2.1:
    resolution: {integrity: sha512-VT0ZI6kZRdTh8YyJw3SMbYm/u+NqfsAxEpWO0Pf9sq8/e94WxxOpPKx9FR1FlyCtOVDNOQ+8ntlqFxiRc+r5qA==, tarball: ansi-styles/download/ansi-styles-3.2.1.tgz}
    engines: {node: '>=4'}
    dependencies:
      color-convert: 1.9.3
    dev: true

  /ansi-styles/4.3.0:
    resolution: {integrity: sha512-zbB9rCJAT1rbjiVDb2hqKFHNYLxgtk8NURxZ3IZwD3F6NtxbXZQCnnSi1Lkx+IDohdPlFp222wVALIheZJQSEg==, tarball: ansi-styles/download/ansi-styles-4.3.0.tgz}
    engines: {node: '>=8'}
    dependencies:
      color-convert: 2.0.1
    dev: true

  /argparse/1.0.10:
    resolution: {integrity: sha1-vNZ5HqWuCXJeF+WtmIE0zUCz2RE=, tarball: argparse/download/argparse-1.0.10.tgz}
    dependencies:
      sprintf-js: 1.0.3
    dev: true

  /array-union/2.1.0:
    resolution: {integrity: sha1-t5hCCtvrHego2ErNii4j0+/oXo0=, tarball: array-union/download/array-union-2.1.0.tgz}
    engines: {node: '>=8'}
    dev: true

  /arrify/1.0.1:
    resolution: {integrity: sha1-iYUI2iIm84DfkEcoRWhJwVAaSw0=, tarball: arrify/download/arrify-1.0.1.tgz}
    engines: {node: '>=0.10.0'}
    dev: true

  /better-path-resolve/1.0.0:
    resolution: {integrity: sha1-E6NaEQTN1Ip7dL+HWPlqHuYT+Z0=, tarball: better-path-resolve/download/better-path-resolve-1.0.0.tgz}
    engines: {node: '>=4'}
    dependencies:
      is-windows: 1.0.2
    dev: true

  /braces/3.0.2:
    resolution: {integrity: sha1-NFThpGLujVmeI23zNs2epPiv4Qc=, tarball: braces/download/braces-3.0.2.tgz}
    engines: {node: '>=8'}
    dependencies:
      fill-range: 7.0.1
    dev: true

  /breakword/1.0.5:
    resolution: {integrity: sha1-/UIKQX9VAWc2tbYVFhyuHI+BmBA=, tarball: breakword/download/breakword-1.0.5.tgz}
    dependencies:
      wcwidth: 1.0.1
    dev: true

  /camelcase-keys/6.2.2:
    resolution: {integrity: sha1-XnVda6UaoiPsfT1S8ld4IQ+dw8A=, tarball: camelcase-keys/download/camelcase-keys-6.2.2.tgz}
    engines: {node: '>=8'}
    dependencies:
      camelcase: 5.3.1
      map-obj: 4.3.0
      quick-lru: 4.0.1
    dev: true

  /camelcase/5.3.1:
    resolution: {integrity: sha512-L28STB170nwWS63UjtlEOE3dldQApaJXZkOI1uMFfzf3rRuPegHaHesyee+YxQ+W6SvRDQV6UrdOdRiR153wJg==, tarball: camelcase/download/camelcase-5.3.1.tgz}
    engines: {node: '>=6'}
    dev: true

  /chalk/2.4.2:
    resolution: {integrity: sha512-Mti+f9lpJNcwF4tWV8/OrTTtF1gZi+f8FqlyAdouralcFWFQWF2+NgCHShjkCb+IFBLq9buZwE1xckQU4peSuQ==, tarball: chalk/download/chalk-2.4.2.tgz}
    engines: {node: '>=4'}
    dependencies:
      ansi-styles: 3.2.1
      escape-string-regexp: 1.0.5
      supports-color: 5.5.0
    dev: true

  /chalk/3.0.0:
    resolution: {integrity: sha512-4D3B6Wf41KOYRFdszmDqMCGq5VV/uMAB273JILmO+3jAlh8X4qDtdtgCR3fxtbLEMzSx22QdhnDcJvu2u1fVwg==, tarball: chalk/download/chalk-3.0.0.tgz}
    engines: {node: '>=8'}
    dependencies:
      ansi-styles: 4.3.0
      supports-color: 7.2.0
    dev: true

  /chardet/0.7.0:
    resolution: {integrity: sha1-kAlISfCTfy7twkJdDSip5fDLrZ4=, tarball: chardet/download/chardet-0.7.0.tgz}
    dev: true

  /ci-info/3.3.0:
    resolution: {integrity: sha512-riT/3vI5YpVH6/qomlDnJow6TBee2PBKSEpx3O32EGPYbWGIRsIlGRms3Sm74wYE1JMo8RnO04Hb12+v1J5ICw==, tarball: ci-info/download/ci-info-3.3.0.tgz}
    dev: true

  /cliui/6.0.0:
    resolution: {integrity: sha1-UR1wLAxOQcoVbX0OlgIfI+EyJbE=, tarball: cliui/download/cliui-6.0.0.tgz}
    dependencies:
      string-width: 4.2.3
      strip-ansi: 6.0.1
      wrap-ansi: 6.2.0
    dev: true

  /clone/1.0.4:
    resolution: {integrity: sha1-2jCcwmPfFZlMaIypAheco8fNfH4=, tarball: clone/download/clone-1.0.4.tgz}
    engines: {node: '>=0.8'}
    dev: true

  /color-convert/1.9.3:
    resolution: {integrity: sha1-u3GFBpDh8TZWfeYp0tVHHe2kweg=, tarball: color-convert/download/color-convert-1.9.3.tgz}
    dependencies:
      color-name: 1.1.3
    dev: true

  /color-convert/2.0.1:
    resolution: {integrity: sha1-ctOmjVmMm9s68q0ehPIdiWq9TeM=, tarball: color-convert/download/color-convert-2.0.1.tgz}
    engines: {node: '>=7.0.0'}
    dependencies:
      color-name: 1.1.4
    dev: true

  /color-name/1.1.3:
    resolution: {integrity: sha1-p9BVi9icQveV3UIyj3QIMcpTvCU=, tarball: color-name/download/color-name-1.1.3.tgz}
    dev: true

  /color-name/1.1.4:
    resolution: {integrity: sha1-wqCah6y95pVD3m9j+jmVyCbFNqI=, tarball: color-name/download/color-name-1.1.4.tgz}
    dev: true

  /cross-spawn/5.1.0:
    resolution: {integrity: sha1-6L0O/uWPz/b4+UUQoKVUu/ojVEk=, tarball: cross-spawn/download/cross-spawn-5.1.0.tgz}
    dependencies:
      lru-cache: 4.1.5
      shebang-command: 1.2.0
      which: 1.3.1
    dev: true

  /csv-generate/3.4.3:
    resolution: {integrity: sha1-vELZQ7Ra6lKvqJaHQpHaS5EI//8=, tarball: csv-generate/download/csv-generate-3.4.3.tgz}
    dev: true

  /csv-parse/4.16.3:
    resolution: {integrity: sha1-fKYk1RchLrxSCjaHPDR4+mbvuvc=, tarball: csv-parse/download/csv-parse-4.16.3.tgz}
    dev: true

  /csv-stringify/5.6.5:
    resolution: {integrity: sha1-xtdLrdpLSaeb9Ocvkczh4zuU3gA=, tarball: csv-stringify/download/csv-stringify-5.6.5.tgz}
    dev: true

  /csv/5.5.3:
    resolution: {integrity: sha1-zSbB5F6uAM5qm3sn3LlJVeyVIH0=, tarball: csv/download/csv-5.5.3.tgz}
    engines: {node: '>= 0.1.90'}
    dependencies:
      csv-generate: 3.4.3
      csv-parse: 4.16.3
      csv-stringify: 5.6.5
      stream-transform: 2.1.3
    dev: true

  /decamelize-keys/1.1.0:
    resolution: {integrity: sha1-0XGoeTMlKAfrPLYdwcFEXQeN8tk=, tarball: decamelize-keys/download/decamelize-keys-1.1.0.tgz}
    engines: {node: '>=0.10.0'}
    dependencies:
      decamelize: 1.2.0
      map-obj: 1.0.1
    dev: true

  /decamelize/1.2.0:
    resolution: {integrity: sha1-9lNNFRSCabIDUue+4m9QH5oZEpA=, tarball: decamelize/download/decamelize-1.2.0.tgz}
    engines: {node: '>=0.10.0'}
    dev: true

  /defaults/1.0.3:
    resolution: {integrity: sha1-xlYFHpgX2f8I7YgUd/P+QBnz730=, tarball: defaults/download/defaults-1.0.3.tgz}
    dependencies:
      clone: 1.0.4
    dev: true

  /detect-indent/6.1.0:
    resolution: {integrity: sha1-WSSF67v2s7GrK+F1yDk9BMoNV+Y=, tarball: detect-indent/download/detect-indent-6.1.0.tgz}
    engines: {node: '>=8'}
    dev: true

  /dir-glob/3.0.1:
    resolution: {integrity: sha1-Vtv3PZkqSpO6FYT0U0Bj/S5BcX8=, tarball: dir-glob/download/dir-glob-3.0.1.tgz}
    engines: {node: '>=8'}
    dependencies:
      path-type: 4.0.0
    dev: true

  /emoji-regex/8.0.0:
    resolution: {integrity: sha1-6Bj9ac5cz8tARZT4QpY79TFkzDc=, tarball: emoji-regex/download/emoji-regex-8.0.0.tgz}
    dev: true

  /enquirer/2.3.6:
    resolution: {integrity: sha512-yjNnPr315/FjS4zIsUxYguYUPP2e1NK4d7E7ZOLiyYCcbFBiTMyID+2wvm2w6+pZ/odMA7cRkjhsPbltwBOrLg==, tarball: enquirer/download/enquirer-2.3.6.tgz}
    engines: {node: '>=8.6'}
    dependencies:
      ansi-colors: 4.1.1
    dev: true

  /error-ex/1.3.2:
    resolution: {integrity: sha1-tKxAZIEH/c3PriQvQovqihTU8b8=, tarball: error-ex/download/error-ex-1.3.2.tgz}
    dependencies:
      is-arrayish: 0.2.1
    dev: true

  /escape-string-regexp/1.0.5:
    resolution: {integrity: sha1-G2HAViGQqN/2rjuyzwIAyhMLhtQ=, tarball: escape-string-regexp/download/escape-string-regexp-1.0.5.tgz}
    engines: {node: '>=0.8.0'}
    dev: true

  /esprima/4.0.1:
    resolution: {integrity: sha1-E7BM2z5sXRnfkatph6hpVhmwqnE=, tarball: esprima/download/esprima-4.0.1.tgz}
    engines: {node: '>=4'}
    hasBin: true
    dev: true

  /extendable-error/0.1.7:
    resolution: {integrity: sha1-YLmt8gYmSskgBYpzlWha5GcMK5Y=, tarball: extendable-error/download/extendable-error-0.1.7.tgz}
    dev: true

  /external-editor/3.1.0:
    resolution: {integrity: sha1-ywP3QL764D6k0oPK7SdBqD8zVJU=, tarball: external-editor/download/external-editor-3.1.0.tgz}
    engines: {node: '>=4'}
    dependencies:
      chardet: 0.7.0
      iconv-lite: 0.4.24
      tmp: 0.0.33
    dev: true

  /fast-glob/3.2.11:
    resolution: {integrity: sha512-xrO3+1bxSo3ZVHAnqzyuewYT6aMFHRAd4Kcs92MAonjwQZLsK9d0SF1IyQ3k5PoirxTW0Oe/RqFgMQ6TcNE5Ew==, tarball: fast-glob/download/fast-glob-3.2.11.tgz}
    engines: {node: '>=8.6.0'}
    dependencies:
      '@nodelib/fs.stat': 2.0.5
      '@nodelib/fs.walk': 1.2.8
      glob-parent: 5.1.2
      merge2: 1.4.1
      micromatch: 4.0.4
    dev: true

  /fastq/1.13.0:
    resolution: {integrity: sha1-YWdg+Ip1Jr38WWt8q4wYk4w2uYw=, tarball: fastq/download/fastq-1.13.0.tgz?cache=0&sync_timestamp=1632822735358&other_urls=https%3A%2F%2Fregistry.npmmirror.com%2Ffastq%2Fdownload%2Ffastq-1.13.0.tgz}
    dependencies:
      reusify: 1.0.4
    dev: true

  /fill-range/7.0.1:
    resolution: {integrity: sha1-GRmmp8df44ssfHflGYU12prN2kA=, tarball: fill-range/download/fill-range-7.0.1.tgz}
    engines: {node: '>=8'}
    dependencies:
      to-regex-range: 5.0.1
    dev: true

  /find-up/4.1.0:
    resolution: {integrity: sha1-l6/n1s3AvFkoWEt8jXsW6KmqXRk=, tarball: find-up/download/find-up-4.1.0.tgz}
    engines: {node: '>=8'}
    dependencies:
      locate-path: 5.0.0
      path-exists: 4.0.0
    dev: true

  /find-up/5.0.0:
    resolution: {integrity: sha1-TJKBnstwg1YeT0okCoa+UZj1Nvw=, tarball: find-up/download/find-up-5.0.0.tgz}
    engines: {node: '>=10'}
    dependencies:
      locate-path: 6.0.0
      path-exists: 4.0.0
    dev: true

  /find-yarn-workspace-root2/1.2.16:
    resolution: {integrity: sha1-YChwCd0vMk9ZZGvbS3YQprMBwqk=, tarball: find-yarn-workspace-root2/download/find-yarn-workspace-root2-1.2.16.tgz}
    dependencies:
      micromatch: 4.0.4
      pkg-dir: 4.2.0
    dev: true

  /fs-extra/7.0.1:
    resolution: {integrity: sha1-TxicRKoSO4lfcigE9V6iPq3DSOk=, tarball: fs-extra/download/fs-extra-7.0.1.tgz?cache=0&sync_timestamp=1632822706452&other_urls=https%3A%2F%2Fregistry.npmmirror.com%2Ffs-extra%2Fdownload%2Ffs-extra-7.0.1.tgz}
    engines: {node: '>=6 <7 || >=8'}
    dependencies:
      graceful-fs: 4.2.9
      jsonfile: 4.0.0
      universalify: 0.1.2
    dev: true

  /fs-extra/8.1.0:
    resolution: {integrity: sha1-SdQ8RaiM2Wd2aMt74bRu/bjS4cA=, tarball: fs-extra/download/fs-extra-8.1.0.tgz?cache=0&sync_timestamp=1632822706452&other_urls=https%3A%2F%2Fregistry.npmmirror.com%2Ffs-extra%2Fdownload%2Ffs-extra-8.1.0.tgz}
    engines: {node: '>=6 <7 || >=8'}
    dependencies:
      graceful-fs: 4.2.9
      jsonfile: 4.0.0
      universalify: 0.1.2
    dev: true

  /function-bind/1.1.1:
    resolution: {integrity: sha1-pWiZ0+o8m6uHS7l3O3xe3pL0iV0=, tarball: function-bind/download/function-bind-1.1.1.tgz}
    dev: true

  /get-caller-file/2.0.5:
    resolution: {integrity: sha1-T5RBKoLbMvNuOwuXQfipf+sDH34=, tarball: get-caller-file/download/get-caller-file-2.0.5.tgz}
    engines: {node: 6.* || 8.* || >= 10.*}
    dev: true

  /glob-parent/5.1.2:
    resolution: {integrity: sha1-hpgyxYA0/mikCTwX3BXoNA2EAcQ=, tarball: glob-parent/download/glob-parent-5.1.2.tgz}
    engines: {node: '>= 6'}
    dependencies:
      is-glob: 4.0.3
    dev: true

  /globby/11.1.0:
    resolution: {integrity: sha512-jhIXaOzy1sb8IyocaruWSn1TjmnBVs8Ayhcy83rmxNJ8q2uWKCAj3CnJY+KpGSXCueAPc0i05kVvVKtP1t9S3g==, tarball: globby/download/globby-11.1.0.tgz}
    engines: {node: '>=10'}
    dependencies:
      array-union: 2.1.0
      dir-glob: 3.0.1
      fast-glob: 3.2.11
      ignore: 5.2.0
      merge2: 1.4.1
      slash: 3.0.0
    dev: true

  /graceful-fs/4.2.9:
    resolution: {integrity: sha512-NtNxqUcXgpW2iMrfqSfR73Glt39K+BLwWsPs94yR63v45T0Wbej7eRmL5cWfwEgqXnmjQp3zaJTshdRW/qC2ZQ==, tarball: graceful-fs/download/graceful-fs-4.2.9.tgz}
    dev: true

  /grapheme-splitter/1.0.4:
    resolution: {integrity: sha1-nPOmZcYkdHmJaDSvNc8du0QAdn4=, tarball: grapheme-splitter/download/grapheme-splitter-1.0.4.tgz}
    dev: true

  /hard-rejection/2.1.0:
    resolution: {integrity: sha1-HG7aXBaFxjlCdm15u0Cudzzs2IM=, tarball: hard-rejection/download/hard-rejection-2.1.0.tgz}
    engines: {node: '>=6'}
    dev: true

  /has-flag/3.0.0:
    resolution: {integrity: sha1-tdRU3CGZriJWmfNGfloH87lVuv0=, tarball: has-flag/download/has-flag-3.0.0.tgz}
    engines: {node: '>=4'}
    dev: true

  /has-flag/4.0.0:
    resolution: {integrity: sha1-lEdx/ZyByBJlxNaUGGDaBrtZR5s=, tarball: has-flag/download/has-flag-4.0.0.tgz}
    engines: {node: '>=8'}
    dev: true

  /has/1.0.3:
    resolution: {integrity: sha1-ci18v8H2qoJB8W3YFOAR4fQeh5Y=, tarball: has/download/has-1.0.3.tgz}
    engines: {node: '>= 0.4.0'}
    dependencies:
      function-bind: 1.1.1
    dev: true

  /hosted-git-info/2.8.9:
    resolution: {integrity: sha1-3/wL+aIcAiCQkPKqaUKeFBTa8/k=, tarball: hosted-git-info/download/hosted-git-info-2.8.9.tgz}
    dev: true

  /human-id/1.0.2:
    resolution: {integrity: sha1-5lTUsrDYsH5F2p9gINivF+wKXfM=, tarball: human-id/download/human-id-1.0.2.tgz}
    dev: true

  /iconv-lite/0.4.24:
    resolution: {integrity: sha1-ICK0sl+93CHS9SSXSkdKr+czkIs=, tarball: iconv-lite/download/iconv-lite-0.4.24.tgz}
    engines: {node: '>=0.10.0'}
    dependencies:
      safer-buffer: 2.1.2
    dev: true

  /ignore/5.2.0:
    resolution: {integrity: sha512-CmxgYGiEPCLhfLnpPp1MoRmifwEIOgjcHXxOBjv7mY96c+eWScsOP9c112ZyLdWHi0FxHjI+4uVhKYp/gcdRmQ==, tarball: ignore/download/ignore-5.2.0.tgz}
    engines: {node: '>= 4'}
    dev: true

  /indent-string/4.0.0:
    resolution: {integrity: sha1-Yk+PRJfWGbLZdoUx1Y9BIoVNclE=, tarball: indent-string/download/indent-string-4.0.0.tgz}
    engines: {node: '>=8'}
    dev: true

  /is-arrayish/0.2.1:
    resolution: {integrity: sha1-d8mYQFJ6qOyxqLppe4BkWnqSap0=, tarball: is-arrayish/download/is-arrayish-0.2.1.tgz}
    dev: true

  /is-ci/3.0.1:
    resolution: {integrity: sha1-227L7RvWWcQ9rA9FZh52dBA9GGc=, tarball: is-ci/download/is-ci-3.0.1.tgz}
    hasBin: true
    dependencies:
      ci-info: 3.3.0
    dev: true

  /is-core-module/2.8.1:
    resolution: {integrity: sha512-SdNCUs284hr40hFTFP6l0IfZ/RSrMXF3qgoRHd3/79unUTvrFO/JoXwkGm+5J/Oe3E/b5GsnG330uUNgRpu1PA==, tarball: is-core-module/download/is-core-module-2.8.1.tgz}
    dependencies:
      has: 1.0.3
    dev: true

  /is-extglob/2.1.1:
    resolution: {integrity: sha1-qIwCU1eR8C7TfHahueqXc8gz+MI=, tarball: is-extglob/download/is-extglob-2.1.1.tgz}
    engines: {node: '>=0.10.0'}
    dev: true

  /is-fullwidth-code-point/3.0.0:
    resolution: {integrity: sha1-8Rb4Bk/pCz94RKOJl8C3UFEmnx0=, tarball: is-fullwidth-code-point/download/is-fullwidth-code-point-3.0.0.tgz}
    engines: {node: '>=8'}
    dev: true

  /is-glob/4.0.3:
    resolution: {integrity: sha1-ZPYeQsu7LuwgcanawLKLoeZdUIQ=, tarball: is-glob/download/is-glob-4.0.3.tgz}
    engines: {node: '>=0.10.0'}
    dependencies:
      is-extglob: 2.1.1
    dev: true

  /is-number/7.0.0:
    resolution: {integrity: sha1-dTU0W4lnNNX4DE0GxQlVUnoU8Ss=, tarball: is-number/download/is-number-7.0.0.tgz}
    engines: {node: '>=0.12.0'}
    dev: true

  /is-plain-obj/1.1.0:
    resolution: {integrity: sha1-caUMhCnfync8kqOQpKA7OfzVHT4=, tarball: is-plain-obj/download/is-plain-obj-1.1.0.tgz}
    engines: {node: '>=0.10.0'}
    dev: true

  /is-subdir/1.2.0:
    resolution: {integrity: sha1-t5HNKPq1IC6RoIKA1R2dclT9INQ=, tarball: is-subdir/download/is-subdir-1.2.0.tgz}
    engines: {node: '>=4'}
    dependencies:
      better-path-resolve: 1.0.0
    dev: true

  /is-windows/1.0.2:
    resolution: {integrity: sha1-0YUOuXkezRjmGCzhKjDzlmNLsZ0=, tarball: is-windows/download/is-windows-1.0.2.tgz}
    engines: {node: '>=0.10.0'}
    dev: true

  /isexe/2.0.0:
    resolution: {integrity: sha1-6PvzdNxVb/iUehDcsFctYz8s+hA=, tarball: isexe/download/isexe-2.0.0.tgz}
    dev: true

  /js-tokens/4.0.0:
    resolution: {integrity: sha1-GSA/tZmR35jjoocFDUZHzerzJJk=, tarball: js-tokens/download/js-tokens-4.0.0.tgz}
    dev: true

  /js-yaml/3.14.1:
    resolution: {integrity: sha512-okMH7OXXJ7YrN9Ok3/SXrnu4iX9yOk+25nqX4imS2npuvTYDmo/QEZoqwZkYaIDk3jVvBOTOIEgEhaLOynBS9g==, tarball: js-yaml/download/js-yaml-3.14.1.tgz}
    hasBin: true
    dependencies:
      argparse: 1.0.10
      esprima: 4.0.1
    dev: true

  /json-parse-even-better-errors/2.3.1:
    resolution: {integrity: sha1-fEeAWpQxmSjgV3dAXcEuH3pO4C0=, tarball: json-parse-even-better-errors/download/json-parse-even-better-errors-2.3.1.tgz}
    dev: true

  /jsonfile/4.0.0:
    resolution: {integrity: sha512-m6F1R3z8jjlf2imQHS2Qez5sjKWQzbuuhuJ/FKYFRZvPE3PuHcSMVZzfsLhGVOkfd20obL5SWEBew5ShlquNxg==, tarball: jsonfile/download/jsonfile-4.0.0.tgz}
    optionalDependencies:
      graceful-fs: 4.2.9
    dev: true

  /kind-of/6.0.3:
    resolution: {integrity: sha1-B8BQNKbDSfoG4k+jWqdttFgM5N0=, tarball: kind-of/download/kind-of-6.0.3.tgz}
    engines: {node: '>=0.10.0'}
    dev: true

  /lines-and-columns/1.2.4:
    resolution: {integrity: sha512-7ylylesZQ/PV29jhEDl3Ufjo6ZX7gCqJr5F7PKrqc93v7fzSymt1BpwEU8nAUXs8qzzvqhbjhK5QZg6Mt/HkBg==, tarball: lines-and-columns/download/lines-and-columns-1.2.4.tgz}
    dev: true

  /load-yaml-file/0.2.0:
    resolution: {integrity: sha1-r4VO2vK+qJNGwHVJEidTwHNy9k0=, tarball: load-yaml-file/download/load-yaml-file-0.2.0.tgz}
    engines: {node: '>=6'}
    dependencies:
      graceful-fs: 4.2.9
      js-yaml: 3.14.1
      pify: 4.0.1
      strip-bom: 3.0.0
    dev: true

  /locate-path/5.0.0:
    resolution: {integrity: sha1-Gvujlq/WdqbUJQTQpno6frn2KqA=, tarball: locate-path/download/locate-path-5.0.0.tgz}
    engines: {node: '>=8'}
    dependencies:
      p-locate: 4.1.0
    dev: true

  /locate-path/6.0.0:
    resolution: {integrity: sha1-VTIeswn+u8WcSAHZMackUqaB0oY=, tarball: locate-path/download/locate-path-6.0.0.tgz}
    engines: {node: '>=10'}
    dependencies:
      p-locate: 5.0.0
    dev: true

  /lodash.startcase/4.4.0:
    resolution: {integrity: sha1-lDbjTtJgk+1/+uGTYUQ1CRXZrdg=, tarball: lodash.startcase/download/lodash.startcase-4.4.0.tgz}
    dev: true

  /lru-cache/4.1.5:
    resolution: {integrity: sha1-i75Q6oW+1ZvJ4z3KuCNe6bz0Q80=, tarball: lru-cache/download/lru-cache-4.1.5.tgz}
    dependencies:
      pseudomap: 1.0.2
      yallist: 2.1.2
    dev: true

  /map-obj/1.0.1:
    resolution: {integrity: sha1-2TPOuSBdgr3PSIb2dCvcK03qFG0=, tarball: map-obj/download/map-obj-1.0.1.tgz}
    engines: {node: '>=0.10.0'}
    dev: true

  /map-obj/4.3.0:
    resolution: {integrity: sha1-kwT5Buk/qucIgNoQKp8d8OqLsFo=, tarball: map-obj/download/map-obj-4.3.0.tgz}
    engines: {node: '>=8'}
    dev: true

  /meow/6.1.1:
    resolution: {integrity: sha1-GtZMS3ayok37L2Nf3crfMg0lFGc=, tarball: meow/download/meow-6.1.1.tgz}
    engines: {node: '>=8'}
    dependencies:
      '@types/minimist': 1.2.2
      camelcase-keys: 6.2.2
      decamelize-keys: 1.1.0
      hard-rejection: 2.1.0
      minimist-options: 4.1.0
      normalize-package-data: 2.5.0
      read-pkg-up: 7.0.1
      redent: 3.0.0
      trim-newlines: 3.0.1
      type-fest: 0.13.1
      yargs-parser: 18.1.3
    dev: true

  /merge2/1.4.1:
    resolution: {integrity: sha1-Q2iJL4hekHRVpv19xVwMnUBJkK4=, tarball: merge2/download/merge2-1.4.1.tgz}
    engines: {node: '>= 8'}
    dev: true

  /micromatch/4.0.4:
    resolution: {integrity: sha1-iW1Rnf6dsl/OlM63pQCRm/iB6/k=, tarball: micromatch/download/micromatch-4.0.4.tgz?cache=0&sync_timestamp=1632822666893&other_urls=https%3A%2F%2Fregistry.npmmirror.com%2Fmicromatch%2Fdownload%2Fmicromatch-4.0.4.tgz}
    engines: {node: '>=8.6'}
    dependencies:
      braces: 3.0.2
      picomatch: 2.3.1
    dev: true

  /min-indent/1.0.1:
    resolution: {integrity: sha1-pj9oFnOzBXH76LwlaGrnRu76mGk=, tarball: min-indent/download/min-indent-1.0.1.tgz}
    engines: {node: '>=4'}
    dev: true

  /minimist-options/4.1.0:
    resolution: {integrity: sha1-wGVXE8U6ii69d/+iR9NCxA8BBhk=, tarball: minimist-options/download/minimist-options-4.1.0.tgz}
    engines: {node: '>= 6'}
    dependencies:
      arrify: 1.0.1
      is-plain-obj: 1.1.0
      kind-of: 6.0.3
    dev: true

  /mixme/0.5.4:
    resolution: {integrity: sha1-jLO9DNMqUTwWG/HKmdFD8Lzy7/M=, tarball: mixme/download/mixme-0.5.4.tgz}
    engines: {node: '>= 8.0.0'}
    dev: true

  /normalize-package-data/2.5.0:
    resolution: {integrity: sha1-5m2xg4sgDB38IzIl0SyzZSDiNKg=, tarball: normalize-package-data/download/normalize-package-data-2.5.0.tgz}
    dependencies:
      hosted-git-info: 2.8.9
      resolve: 1.22.0
      semver: 5.7.1
      validate-npm-package-license: 3.0.4
    dev: true

  /os-tmpdir/1.0.2:
    resolution: {integrity: sha1-u+Z0BseaqFxc/sdm/lc0VV36EnQ=, tarball: os-tmpdir/download/os-tmpdir-1.0.2.tgz}
    engines: {node: '>=0.10.0'}
    dev: true

  /outdent/0.5.0:
    resolution: {integrity: sha1-nhCYL9xBSSu0c60ThA0i+WVb4v8=, tarball: outdent/download/outdent-0.5.0.tgz}
    dev: true

  /p-filter/2.1.0:
    resolution: {integrity: sha1-GxRyVirnoPdC8PPT03GOpm/5wJw=, tarball: p-filter/download/p-filter-2.1.0.tgz}
    engines: {node: '>=8'}
    dependencies:
      p-map: 2.1.0
    dev: true

  /p-limit/2.3.0:
    resolution: {integrity: sha1-PdM8ZHohT9//2DWTPrCG2g3CHbE=, tarball: p-limit/download/p-limit-2.3.0.tgz}
    engines: {node: '>=6'}
    dependencies:
      p-try: 2.2.0
    dev: true

  /p-limit/3.1.0:
    resolution: {integrity: sha1-4drMvnjQ0TiMoYxk/qOOPlfjcGs=, tarball: p-limit/download/p-limit-3.1.0.tgz}
    engines: {node: '>=10'}
    dependencies:
      yocto-queue: 0.1.0
    dev: true

  /p-locate/4.1.0:
    resolution: {integrity: sha1-o0KLtwiLOmApL2aRkni3wpetTwc=, tarball: p-locate/download/p-locate-4.1.0.tgz}
    engines: {node: '>=8'}
    dependencies:
      p-limit: 2.3.0
    dev: true

  /p-locate/5.0.0:
    resolution: {integrity: sha1-g8gxXGeFAF470CGDlBHJ4RDm2DQ=, tarball: p-locate/download/p-locate-5.0.0.tgz}
    engines: {node: '>=10'}
    dependencies:
      p-limit: 3.1.0
    dev: true

  /p-map/2.1.0:
    resolution: {integrity: sha1-MQko/u+cnsxltosXaTAYpmXOoXU=, tarball: p-map/download/p-map-2.1.0.tgz}
    engines: {node: '>=6'}
    dev: true

  /p-try/2.2.0:
    resolution: {integrity: sha1-yyhoVA4xPWHeWPr741zpAE1VQOY=, tarball: p-try/download/p-try-2.2.0.tgz}
    engines: {node: '>=6'}
    dev: true

  /parse-json/5.2.0:
    resolution: {integrity: sha1-x2/Gbe5UIxyWKyK8yKcs8vmXU80=, tarball: parse-json/download/parse-json-5.2.0.tgz}
    engines: {node: '>=8'}
    dependencies:
      '@babel/code-frame': 7.16.7
      error-ex: 1.3.2
      json-parse-even-better-errors: 2.3.1
      lines-and-columns: 1.2.4
    dev: true

  /path-exists/4.0.0:
    resolution: {integrity: sha1-UTvb4tO5XXdi6METfvoZXGxhtbM=, tarball: path-exists/download/path-exists-4.0.0.tgz}
    engines: {node: '>=8'}
    dev: true

  /path-parse/1.0.7:
    resolution: {integrity: sha1-+8EUtgykKzDZ2vWFjkvWi77bZzU=, tarball: path-parse/download/path-parse-1.0.7.tgz}
    dev: true

  /path-type/4.0.0:
    resolution: {integrity: sha1-hO0BwKe6OAr+CdkKjBgNzZ0DBDs=, tarball: path-type/download/path-type-4.0.0.tgz}
    engines: {node: '>=8'}
    dev: true

  /picomatch/2.3.1:
    resolution: {integrity: sha512-JU3teHTNjmE2VCGFzuY8EXzCDVwEqB2a8fsIvwaStHhAWJEeVd1o1QD80CU6+ZdEXXSLbSsuLwJjkCBWqRQUVA==, tarball: picomatch/download/picomatch-2.3.1.tgz}
    engines: {node: '>=8.6'}
    dev: true

  /pify/4.0.1:
    resolution: {integrity: sha1-SyzSXFDVmHNcUCkiJP2MbfQeMjE=, tarball: pify/download/pify-4.0.1.tgz}
    engines: {node: '>=6'}
    dev: true

  /pkg-dir/4.2.0:
    resolution: {integrity: sha1-8JkTPfft5CLoHR2ESCcO6z5CYfM=, tarball: pkg-dir/download/pkg-dir-4.2.0.tgz}
    engines: {node: '>=8'}
    dependencies:
      find-up: 4.1.0
    dev: true

  /preferred-pm/3.0.3:
    resolution: {integrity: sha1-G2M4AANx4+285S7y5PZesuc1htY=, tarball: preferred-pm/download/preferred-pm-3.0.3.tgz}
    engines: {node: '>=10'}
    dependencies:
      find-up: 5.0.0
      find-yarn-workspace-root2: 1.2.16
      path-exists: 4.0.0
      which-pm: 2.0.0
    dev: true

  /prettier/1.19.1:
    resolution: {integrity: sha512-s7PoyDv/II1ObgQunCbB9PdLmUcBZcnWOcxDh7O0N/UwDEsHyqkW+Qh28jW+mVuCdx7gLB0BotYI1Y6uI9iyew==, tarball: prettier/download/prettier-1.19.1.tgz}
    engines: {node: '>=4'}
    hasBin: true
    dev: true

  /pseudomap/1.0.2:
    resolution: {integrity: sha1-8FKijacOYYkX7wqKw0wa5aaChrM=, tarball: pseudomap/download/pseudomap-1.0.2.tgz}
    dev: true

  /queue-microtask/1.2.3:
    resolution: {integrity: sha1-SSkii7xyTfrEPg77BYyve2z7YkM=, tarball: queue-microtask/download/queue-microtask-1.2.3.tgz}
    dev: true

  /quick-lru/4.0.1:
    resolution: {integrity: sha1-W4h48ROlgheEjGSCAmxz4bpXcn8=, tarball: quick-lru/download/quick-lru-4.0.1.tgz}
    engines: {node: '>=8'}
    dev: true

  /read-pkg-up/7.0.1:
    resolution: {integrity: sha1-86YTV1hFlzOuK5VjgFbhhU5+9Qc=, tarball: read-pkg-up/download/read-pkg-up-7.0.1.tgz}
    engines: {node: '>=8'}
    dependencies:
      find-up: 4.1.0
      read-pkg: 5.2.0
      type-fest: 0.8.1
    dev: true

  /read-pkg/5.2.0:
    resolution: {integrity: sha1-e/KVQ4yloz5WzTDgU7NO5yUMk8w=, tarball: read-pkg/download/read-pkg-5.2.0.tgz}
    engines: {node: '>=8'}
    dependencies:
      '@types/normalize-package-data': 2.4.1
      normalize-package-data: 2.5.0
      parse-json: 5.2.0
      type-fest: 0.6.0
    dev: true

  /read-yaml-file/1.1.0:
    resolution: {integrity: sha1-k2K7y9x3AHzI6kUZ/hwLghp84Ng=, tarball: read-yaml-file/download/read-yaml-file-1.1.0.tgz}
    engines: {node: '>=6'}
    dependencies:
      graceful-fs: 4.2.9
      js-yaml: 3.14.1
      pify: 4.0.1
      strip-bom: 3.0.0
    dev: true

  /redent/3.0.0:
    resolution: {integrity: sha1-5Ve3mYMWu1PJ8fVvpiY1LGljBZ8=, tarball: redent/download/redent-3.0.0.tgz}
    engines: {node: '>=8'}
    dependencies:
      indent-string: 4.0.0
      strip-indent: 3.0.0
    dev: true

  /regenerator-runtime/0.13.9:
    resolution: {integrity: sha512-p3VT+cOEgxFsRRA9X4lkI1E+k2/CtnKtU4gcxyaCUreilL/vqI6CdZ3wxVUx3UOUg+gnUOQQcRI7BmSI656MYA==, tarball: regenerator-runtime/download/regenerator-runtime-0.13.9.tgz}
    dev: true

  /require-directory/2.1.1:
    resolution: {integrity: sha512-fGxEI7+wsG9xrvdjsrlmL22OMTTiHRwAMroiEeMgq8gzoLC/PQr7RsRDSTLUg/bZAZtF+TVIkHc6/4RIKrui+Q==, tarball: require-directory/download/require-directory-2.1.1.tgz}
    engines: {node: '>=0.10.0'}
    dev: true

  /require-main-filename/2.0.0:
    resolution: {integrity: sha1-0LMp7MfMD2Fkn2IhW+aa9UqomJs=, tarball: require-main-filename/download/require-main-filename-2.0.0.tgz}
    dev: true

  /resolve-from/5.0.0:
    resolution: {integrity: sha1-w1IlhD3493bfIcV1V7wIfp39/Gk=, tarball: resolve-from/download/resolve-from-5.0.0.tgz?cache=0&sync_timestamp=1632822736359&other_urls=https%3A%2F%2Fregistry.npmmirror.com%2Fresolve-from%2Fdownload%2Fresolve-from-5.0.0.tgz}
    engines: {node: '>=8'}
    dev: true

  /resolve/1.22.0:
    resolution: {integrity: sha512-Hhtrw0nLeSrFQ7phPp4OOcVjLPIeMnRlr5mcnVuMe7M/7eBn98A3hmFRLoFo3DLZkivSYwhRUJTyPyWAk56WLw==, tarball: resolve/download/resolve-1.22.0.tgz}
    hasBin: true
    dependencies:
      is-core-module: 2.8.1
      path-parse: 1.0.7
      supports-preserve-symlinks-flag: 1.0.0
    dev: true

  /reusify/1.0.4:
    resolution: {integrity: sha1-kNo4Kx4SbvwCFG6QhFqI2xKSXXY=, tarball: reusify/download/reusify-1.0.4.tgz}
    engines: {iojs: '>=1.0.0', node: '>=0.10.0'}
    dev: true

  /run-parallel/1.2.0:
    resolution: {integrity: sha1-ZtE2jae9+SHrnZW9GpIp5/IaQ+4=, tarball: run-parallel/download/run-parallel-1.2.0.tgz}
    dependencies:
      queue-microtask: 1.2.3
    dev: true

  /safer-buffer/2.1.2:
    resolution: {integrity: sha1-RPoWGwGHuVSd2Eu5GAL5vYOFzWo=, tarball: safer-buffer/download/safer-buffer-2.1.2.tgz}
    dev: true

  /semver/5.7.1:
    resolution: {integrity: sha1-qVT5Ma66UI0we78Gnv8MAclhFvc=, tarball: semver/download/semver-5.7.1.tgz}
    hasBin: true
    dev: true

  /set-blocking/2.0.0:
    resolution: {integrity: sha1-BF+XgtARrppoA93TgrJDkrPYkPc=, tarball: set-blocking/download/set-blocking-2.0.0.tgz}
    dev: true

  /shebang-command/1.2.0:
    resolution: {integrity: sha1-RKrGW2lbAzmJaMOfNj/uXer98eo=, tarball: shebang-command/download/shebang-command-1.2.0.tgz}
    engines: {node: '>=0.10.0'}
    dependencies:
      shebang-regex: 1.0.0
    dev: true

  /shebang-regex/1.0.0:
    resolution: {integrity: sha1-2kL0l0DAtC2yypcoVxyxkMmO/qM=, tarball: shebang-regex/download/shebang-regex-1.0.0.tgz}
    engines: {node: '>=0.10.0'}
    dev: true

  /signal-exit/3.0.6:
    resolution: {integrity: sha512-sDl4qMFpijcGw22U5w63KmD3cZJfBuFlVNbVMKje2keoKML7X2UzWbc4XrmEbDwg0NXJc3yv4/ox7b+JWb57kQ==, tarball: signal-exit/download/signal-exit-3.0.6.tgz?cache=0&sync_timestamp=1637292968320&other_urls=https%3A%2F%2Fregistry.npmmirror.com%2Fsignal-exit%2Fdownload%2Fsignal-exit-3.0.6.tgz}
    dev: true

  /slash/3.0.0:
    resolution: {integrity: sha1-ZTm+hwwWWtvVJAIg2+Nh8bxNRjQ=, tarball: slash/download/slash-3.0.0.tgz?cache=0&sync_timestamp=1632822671385&other_urls=https%3A%2F%2Fregistry.npmmirror.com%2Fslash%2Fdownload%2Fslash-3.0.0.tgz}
    engines: {node: '>=8'}
    dev: true

  /smartwrap/1.2.5:
    resolution: {integrity: sha1-Re4+CawjTl9/F8FukW9RGDTzzSM=, tarball: smartwrap/download/smartwrap-1.2.5.tgz}
    deprecated: Backported compatibility to node > 6
    hasBin: true
    dependencies:
      breakword: 1.0.5
      grapheme-splitter: 1.0.4
      strip-ansi: 6.0.1
      wcwidth: 1.0.1
      yargs: 15.4.1
    dev: true

  /spawndamnit/2.0.0:
    resolution: {integrity: sha1-n3YqxcNHaruZS0KtWSta0iu0sK0=, tarball: spawndamnit/download/spawndamnit-2.0.0.tgz}
    dependencies:
      cross-spawn: 5.1.0
      signal-exit: 3.0.6
    dev: true

  /spdx-correct/3.1.1:
    resolution: {integrity: sha1-3s6BrJweZxPl99G28X1Gj6U9iak=, tarball: spdx-correct/download/spdx-correct-3.1.1.tgz}
    dependencies:
      spdx-expression-parse: 3.0.1
      spdx-license-ids: 3.0.11
    dev: true

  /spdx-exceptions/2.3.0:
    resolution: {integrity: sha1-PyjOGnegA3JoPq3kpDMYNSeiFj0=, tarball: spdx-exceptions/download/spdx-exceptions-2.3.0.tgz}
    dev: true

  /spdx-expression-parse/3.0.1:
    resolution: {integrity: sha1-z3D1BILu/cmOPOCmgz5KU87rpnk=, tarball: spdx-expression-parse/download/spdx-expression-parse-3.0.1.tgz}
    dependencies:
      spdx-exceptions: 2.3.0
      spdx-license-ids: 3.0.11
    dev: true

  /spdx-license-ids/3.0.11:
    resolution: {integrity: sha512-Ctl2BrFiM0X3MANYgj3CkygxhRmr9mi6xhejbdO960nF6EDJApTYpn0BQnDKlnNBULKiCN1n3w9EBkHK8ZWg+g==, tarball: spdx-license-ids/download/spdx-license-ids-3.0.11.tgz}
    dev: true

  /sprintf-js/1.0.3:
    resolution: {integrity: sha1-BOaSb2YolTVPPdAVIDYzuFcpfiw=, tarball: sprintf-js/download/sprintf-js-1.0.3.tgz}
    dev: true

  /stream-transform/2.1.3:
    resolution: {integrity: sha1-ocPs1y3b9QCqjTQrC53zj1qlmOM=, tarball: stream-transform/download/stream-transform-2.1.3.tgz}
    dependencies:
      mixme: 0.5.4
    dev: true

  /string-width/4.2.3:
    resolution: {integrity: sha1-JpxxF9J7Ba0uU2gwqOyJXvnG0BA=, tarball: string-width/download/string-width-4.2.3.tgz}
    engines: {node: '>=8'}
    dependencies:
      emoji-regex: 8.0.0
      is-fullwidth-code-point: 3.0.0
      strip-ansi: 6.0.1
    dev: true

  /strip-ansi/6.0.1:
    resolution: {integrity: sha1-nibGPTD1NEPpSJSVshBdN7Z6hdk=, tarball: strip-ansi/download/strip-ansi-6.0.1.tgz?cache=0&sync_timestamp=1632822728166&other_urls=https%3A%2F%2Fregistry.npmmirror.com%2Fstrip-ansi%2Fdownload%2Fstrip-ansi-6.0.1.tgz}
    engines: {node: '>=8'}
    dependencies:
      ansi-regex: 5.0.1
    dev: true

  /strip-bom/3.0.0:
    resolution: {integrity: sha1-IzTBjpx1n3vdVv3vfprj1YjmjtM=, tarball: strip-bom/download/strip-bom-3.0.0.tgz}
    engines: {node: '>=4'}
    dev: true

  /strip-indent/3.0.0:
    resolution: {integrity: sha1-wy4c7pQLazQyx3G8LFS8znPNMAE=, tarball: strip-indent/download/strip-indent-3.0.0.tgz}
    engines: {node: '>=8'}
    dependencies:
      min-indent: 1.0.1
    dev: true

  /supports-color/5.5.0:
    resolution: {integrity: sha1-4uaaRKyHcveKHsCzW2id9lMO/I8=, tarball: supports-color/download/supports-color-5.5.0.tgz}
    engines: {node: '>=4'}
    dependencies:
      has-flag: 3.0.0
    dev: true

  /supports-color/7.2.0:
    resolution: {integrity: sha1-G33NyzK4E4gBs+R4umpRyqiWSNo=, tarball: supports-color/download/supports-color-7.2.0.tgz}
    engines: {node: '>=8'}
    dependencies:
      has-flag: 4.0.0
    dev: true

  /supports-preserve-symlinks-flag/1.0.0:
    resolution: {integrity: sha512-ot0WnXS9fgdkgIcePe6RHNk1WA8+muPa6cSjeR3V8K27q9BB1rTE3R1p7Hv0z1ZyAc8s6Vvv8DIyWf681MAt0w==, tarball: supports-preserve-symlinks-flag/download/supports-preserve-symlinks-flag-1.0.0.tgz}
    engines: {node: '>= 0.4'}
    dev: true

  /term-size/2.2.1:
    resolution: {integrity: sha1-KmpUhAQywvtjIP6g9BVTHpAYn1Q=, tarball: term-size/download/term-size-2.2.1.tgz}
    engines: {node: '>=8'}
    dev: true

  /tmp/0.0.33:
    resolution: {integrity: sha1-bTQzWIl2jSGyvNoKonfO07G/rfk=, tarball: tmp/download/tmp-0.0.33.tgz}
    engines: {node: '>=0.6.0'}
    dependencies:
      os-tmpdir: 1.0.2
    dev: true

  /to-regex-range/5.0.1:
    resolution: {integrity: sha1-FkjESq58jZiKMmAY7XL1tN0DkuQ=, tarball: to-regex-range/download/to-regex-range-5.0.1.tgz}
    engines: {node: '>=8.0'}
    dependencies:
      is-number: 7.0.0
    dev: true

  /trim-newlines/3.0.1:
    resolution: {integrity: sha1-Jgpdli2LdSQlsy86fbDcrNF2wUQ=, tarball: trim-newlines/download/trim-newlines-3.0.1.tgz}
    engines: {node: '>=8'}
    dev: true

  /tty-table/2.8.13:
    resolution: {integrity: sha1-1ISkFjgZc+rrvfGceRNrOQ5cbXA=, tarball: tty-table/download/tty-table-2.8.13.tgz}
    engines: {node: '>=8.16.0'}
    hasBin: true
    dependencies:
      chalk: 3.0.0
      csv: 5.5.3
      smartwrap: 1.2.5
      strip-ansi: 6.0.1
      wcwidth: 1.0.1
      yargs: 15.4.1
    dev: true

  /type-fest/0.13.1:
    resolution: {integrity: sha1-AXLLW86AsL1ULqNI21DH4hg02TQ=, tarball: type-fest/download/type-fest-0.13.1.tgz}
    engines: {node: '>=10'}
    dev: true

  /type-fest/0.6.0:
    resolution: {integrity: sha1-jSojcNPfiG61yQraHFv2GIrPg4s=, tarball: type-fest/download/type-fest-0.6.0.tgz}
    engines: {node: '>=8'}
    dev: true

  /type-fest/0.8.1:
    resolution: {integrity: sha1-CeJJ696FHTseSNJ8EFREZn8XuD0=, tarball: type-fest/download/type-fest-0.8.1.tgz}
    engines: {node: '>=8'}
    dev: true

  /universalify/0.1.2:
    resolution: {integrity: sha1-tkb2m+OULavOzJ1mOcgNwQXvqmY=, tarball: universalify/download/universalify-0.1.2.tgz}
    engines: {node: '>= 4.0.0'}
    dev: true

  /validate-npm-package-license/3.0.4:
    resolution: {integrity: sha1-/JH2uce6FchX9MssXe/uw51PQQo=, tarball: validate-npm-package-license/download/validate-npm-package-license-3.0.4.tgz}
    dependencies:
      spdx-correct: 3.1.1
      spdx-expression-parse: 3.0.1
    dev: true

  /wcwidth/1.0.1:
    resolution: {integrity: sha1-8LDc+RW8X/FSivrbLA4XtTLaL+g=, tarball: wcwidth/download/wcwidth-1.0.1.tgz}
    dependencies:
      defaults: 1.0.3
    dev: true

  /which-module/2.0.0:
    resolution: {integrity: sha1-2e8H3Od7mQK4o6j6SzHD4/fm6Ho=, tarball: which-module/download/which-module-2.0.0.tgz}
    dev: true

  /which-pm/2.0.0:
    resolution: {integrity: sha1-gkVgns/mS/dR0O7y83bYO/Hdt64=, tarball: which-pm/download/which-pm-2.0.0.tgz}
    engines: {node: '>=8.15'}
    dependencies:
      load-yaml-file: 0.2.0
      path-exists: 4.0.0
    dev: true

  /which/1.3.1:
    resolution: {integrity: sha1-pFBD1U9YBTFtqNYvn1CRjT2nCwo=, tarball: which/download/which-1.3.1.tgz}
    hasBin: true
    dependencies:
      isexe: 2.0.0
    dev: true

  /wrap-ansi/6.2.0:
    resolution: {integrity: sha1-6Tk7oHEC5skaOyIUePAlfNKFblM=, tarball: wrap-ansi/download/wrap-ansi-6.2.0.tgz}
    engines: {node: '>=8'}
    dependencies:
      ansi-styles: 4.3.0
      string-width: 4.2.3
      strip-ansi: 6.0.1
    dev: true

  /y18n/4.0.3:
    resolution: {integrity: sha1-tfJZyCzW4zaSHv17/Yv1YN6e7t8=, tarball: y18n/download/y18n-4.0.3.tgz}
    dev: true

  /yallist/2.1.2:
    resolution: {integrity: sha1-HBH5IY8HYImkfdUS+TxmmaaoHVI=, tarball: yallist/download/yallist-2.1.2.tgz}
    dev: true

  /yargs-parser/18.1.3:
    resolution: {integrity: sha1-vmjEl1xrKr9GkjawyHA2L6sJp7A=, tarball: yargs-parser/download/yargs-parser-18.1.3.tgz}
    engines: {node: '>=6'}
    dependencies:
      camelcase: 5.3.1
      decamelize: 1.2.0
    dev: true

  /yargs/15.4.1:
    resolution: {integrity: sha1-DYehbeAa7p2L7Cv7909nhRcw9Pg=, tarball: yargs/download/yargs-15.4.1.tgz}
    engines: {node: '>=8'}
    dependencies:
      cliui: 6.0.0
      decamelize: 1.2.0
      find-up: 4.1.0
      get-caller-file: 2.0.5
      require-directory: 2.1.1
      require-main-filename: 2.0.0
      set-blocking: 2.0.0
      string-width: 4.2.3
      which-module: 2.0.0
      y18n: 4.0.3
      yargs-parser: 18.1.3
    dev: true

  /yocto-queue/0.1.0:
    resolution: {integrity: sha1-ApTrPe4FAo0x7hpfosVWpqrxChs=, tarball: yocto-queue/download/yocto-queue-0.1.0.tgz}
    engines: {node: '>=10'}
    dev: true
